// !$*UTF8*$!
{
	archiveVersion = 1;
	classes = {
	};
	objectVersion = 56;
	objects = {

/* Begin PBXBuildFile section */
		276D0B112A54D0430008D027 /* UIImageView+setImage.swift in Sources */ = {isa = PBXBuildFile; fileRef = 276D0B102A54D0430008D027 /* UIImageView+setImage.swift */; };
		276D0B142A54D71F0008D027 /* Kingfisher in Frameworks */ = {isa = PBXBuildFile; productRef = 276D0B132A54D71F0008D027 /* Kingfisher */; };
		276D0B162A54E2FA0008D027 /* UIHelper.swift in Sources */ = {isa = PBXBuildFile; fileRef = 276D0B152A54E2FA0008D027 /* UIHelper.swift */; };
		E0306A822A5590FC00EC7DAD /* DetailsViewModel.swift in Sources */ = {isa = PBXBuildFile; fileRef = E0306A812A5590FC00EC7DAD /* DetailsViewModel.swift */; };
		E05D22172A569B7B00022329 /* UIView+reuseIdentifier.swift in Sources */ = {isa = PBXBuildFile; fileRef = E05D22162A569B7B00022329 /* UIView+reuseIdentifier.swift */; };
		E06023182A54174B00C4F84A /* AppDelegate.swift in Sources */ = {isa = PBXBuildFile; fileRef = E06023172A54174B00C4F84A /* AppDelegate.swift */; };
		E060231A2A54174B00C4F84A /* SceneDelegate.swift in Sources */ = {isa = PBXBuildFile; fileRef = E06023192A54174B00C4F84A /* SceneDelegate.swift */; };
		E06023212A54174E00C4F84A /* Assets.xcassets in Resources */ = {isa = PBXBuildFile; fileRef = E06023202A54174E00C4F84A /* Assets.xcassets */; };
		E06023242A54174E00C4F84A /* LaunchScreen.storyboard in Resources */ = {isa = PBXBuildFile; fileRef = E06023222A54174E00C4F84A /* LaunchScreen.storyboard */; };
		E060232F2A54174F00C4F84A /* MovieAppTests.swift in Sources */ = {isa = PBXBuildFile; fileRef = E060232E2A54174F00C4F84A /* MovieAppTests.swift */; };
		E06023392A54174F00C4F84A /* MovieAppUITests.swift in Sources */ = {isa = PBXBuildFile; fileRef = E06023382A54174F00C4F84A /* MovieAppUITests.swift */; };
		E060233B2A54174F00C4F84A /* MovieAppUITestsLaunchTests.swift in Sources */ = {isa = PBXBuildFile; fileRef = E060233A2A54174F00C4F84A /* MovieAppUITestsLaunchTests.swift */; };
		E06023502A541D0900C4F84A /* HomeViewController.swift in Sources */ = {isa = PBXBuildFile; fileRef = E060234E2A541D0900C4F84A /* HomeViewController.swift */; };
		E06023512A541D0900C4F84A /* HomeViewController.xib in Resources */ = {isa = PBXBuildFile; fileRef = E060234F2A541D0900C4F84A /* HomeViewController.xib */; };
		E06023532A541D1800C4F84A /* HomeViewModel.swift in Sources */ = {isa = PBXBuildFile; fileRef = E06023522A541D1800C4F84A /* HomeViewModel.swift */; };
		E06023552A54213B00C4F84A /* UICollectionView+Helper.swift in Sources */ = {isa = PBXBuildFile; fileRef = E06023542A54213B00C4F84A /* UICollectionView+Helper.swift */; };
		E06023582A542F4700C4F84A /* NetworkService.swift in Sources */ = {isa = PBXBuildFile; fileRef = E06023572A542F4700C4F84A /* NetworkService.swift */; };
		E060235A2A54311B00C4F84A /* ErrorMessages.swift in Sources */ = {isa = PBXBuildFile; fileRef = E06023592A54311B00C4F84A /* ErrorMessages.swift */; };
		E060235C2A5431CD00C4F84A /* Constants.swift in Sources */ = {isa = PBXBuildFile; fileRef = E060235B2A5431CD00C4F84A /* Constants.swift */; };
		E060235E2A5435FE00C4F84A /* Movie.swift in Sources */ = {isa = PBXBuildFile; fileRef = E060235D2A5435FE00C4F84A /* Movie.swift */; };
		E06023622A544BCA00C4F84A /* FavoritesViewController.swift in Sources */ = {isa = PBXBuildFile; fileRef = E06023602A544BCA00C4F84A /* FavoritesViewController.swift */; };
		E06023632A544BCA00C4F84A /* FavoritesViewController.xib in Resources */ = {isa = PBXBuildFile; fileRef = E06023612A544BCA00C4F84A /* FavoritesViewController.xib */; };
		E06023652A544BD700C4F84A /* FavoritesViewModel.swift in Sources */ = {isa = PBXBuildFile; fileRef = E06023642A544BD700C4F84A /* FavoritesViewModel.swift */; };
		E06023692A544DEF00C4F84A /* HomeCollectionViewCell.swift in Sources */ = {isa = PBXBuildFile; fileRef = E06023672A544DEF00C4F84A /* HomeCollectionViewCell.swift */; };
		E060236A2A544DEF00C4F84A /* HomeCollectionViewCell.xib in Resources */ = {isa = PBXBuildFile; fileRef = E06023682A544DEF00C4F84A /* HomeCollectionViewCell.xib */; };
		E099CCCC2A5548AD0050BFB8 /* DetailsViewController.swift in Sources */ = {isa = PBXBuildFile; fileRef = E099CCCA2A5548AD0050BFB8 /* DetailsViewController.swift */; };
		E099CCCD2A5548AD0050BFB8 /* DetailsViewController.xib in Resources */ = {isa = PBXBuildFile; fileRef = E099CCCB2A5548AD0050BFB8 /* DetailsViewController.xib */; };
		E099CCD12A5574010050BFB8 /* netfox in Frameworks */ = {isa = PBXBuildFile; productRef = E099CCD02A5574010050BFB8 /* netfox */; };
/* End PBXBuildFile section */

/* Begin PBXContainerItemProxy section */
		E060232B2A54174F00C4F84A /* PBXContainerItemProxy */ = {
			isa = PBXContainerItemProxy;
			containerPortal = E060230C2A54174B00C4F84A /* Project object */;
			proxyType = 1;
			remoteGlobalIDString = E06023132A54174B00C4F84A;
			remoteInfo = MovieApp;
		};
		E06023352A54174F00C4F84A /* PBXContainerItemProxy */ = {
			isa = PBXContainerItemProxy;
			containerPortal = E060230C2A54174B00C4F84A /* Project object */;
			proxyType = 1;
			remoteGlobalIDString = E06023132A54174B00C4F84A;
			remoteInfo = MovieApp;
		};
/* End PBXContainerItemProxy section */

/* Begin PBXFileReference section */
		276D0B102A54D0430008D027 /* UIImageView+setImage.swift */ = {isa = PBXFileReference; lastKnownFileType = sourcecode.swift; path = "UIImageView+setImage.swift"; sourceTree = "<group>"; };
		276D0B152A54E2FA0008D027 /* UIHelper.swift */ = {isa = PBXFileReference; lastKnownFileType = sourcecode.swift; path = UIHelper.swift; sourceTree = "<group>"; };
		E0306A812A5590FC00EC7DAD /* DetailsViewModel.swift */ = {isa = PBXFileReference; lastKnownFileType = sourcecode.swift; path = DetailsViewModel.swift; sourceTree = "<group>"; };
		E05D22162A569B7B00022329 /* UIView+reuseIdentifier.swift */ = {isa = PBXFileReference; lastKnownFileType = sourcecode.swift; path = "UIView+reuseIdentifier.swift"; sourceTree = "<group>"; };
		E06023142A54174B00C4F84A /* MovieApp.app */ = {isa = PBXFileReference; explicitFileType = wrapper.application; includeInIndex = 0; path = MovieApp.app; sourceTree = BUILT_PRODUCTS_DIR; };
		E06023172A54174B00C4F84A /* AppDelegate.swift */ = {isa = PBXFileReference; lastKnownFileType = sourcecode.swift; path = AppDelegate.swift; sourceTree = "<group>"; };
		E06023192A54174B00C4F84A /* SceneDelegate.swift */ = {isa = PBXFileReference; lastKnownFileType = sourcecode.swift; path = SceneDelegate.swift; sourceTree = "<group>"; };
		E06023202A54174E00C4F84A /* Assets.xcassets */ = {isa = PBXFileReference; lastKnownFileType = folder.assetcatalog; path = Assets.xcassets; sourceTree = "<group>"; };
		E06023232A54174E00C4F84A /* Base */ = {isa = PBXFileReference; lastKnownFileType = file.storyboard; name = Base; path = Base.lproj/LaunchScreen.storyboard; sourceTree = "<group>"; };
		E06023252A54174E00C4F84A /* Info.plist */ = {isa = PBXFileReference; lastKnownFileType = text.plist.xml; path = Info.plist; sourceTree = "<group>"; };
		E060232A2A54174F00C4F84A /* MovieAppTests.xctest */ = {isa = PBXFileReference; explicitFileType = wrapper.cfbundle; includeInIndex = 0; path = MovieAppTests.xctest; sourceTree = BUILT_PRODUCTS_DIR; };
		E060232E2A54174F00C4F84A /* MovieAppTests.swift */ = {isa = PBXFileReference; lastKnownFileType = sourcecode.swift; path = MovieAppTests.swift; sourceTree = "<group>"; };
		E06023342A54174F00C4F84A /* MovieAppUITests.xctest */ = {isa = PBXFileReference; explicitFileType = wrapper.cfbundle; includeInIndex = 0; path = MovieAppUITests.xctest; sourceTree = BUILT_PRODUCTS_DIR; };
		E06023382A54174F00C4F84A /* MovieAppUITests.swift */ = {isa = PBXFileReference; lastKnownFileType = sourcecode.swift; path = MovieAppUITests.swift; sourceTree = "<group>"; };
		E060233A2A54174F00C4F84A /* MovieAppUITestsLaunchTests.swift */ = {isa = PBXFileReference; lastKnownFileType = sourcecode.swift; path = MovieAppUITestsLaunchTests.swift; sourceTree = "<group>"; };
		E060234E2A541D0900C4F84A /* HomeViewController.swift */ = {isa = PBXFileReference; lastKnownFileType = sourcecode.swift; path = HomeViewController.swift; sourceTree = "<group>"; };
		E060234F2A541D0900C4F84A /* HomeViewController.xib */ = {isa = PBXFileReference; lastKnownFileType = file.xib; path = HomeViewController.xib; sourceTree = "<group>"; };
		E06023522A541D1800C4F84A /* HomeViewModel.swift */ = {isa = PBXFileReference; lastKnownFileType = sourcecode.swift; path = HomeViewModel.swift; sourceTree = "<group>"; };
		E06023542A54213B00C4F84A /* UICollectionView+Helper.swift */ = {isa = PBXFileReference; lastKnownFileType = sourcecode.swift; path = "UICollectionView+Helper.swift"; sourceTree = "<group>"; };
		E06023572A542F4700C4F84A /* NetworkService.swift */ = {isa = PBXFileReference; lastKnownFileType = sourcecode.swift; path = NetworkService.swift; sourceTree = "<group>"; };
		E06023592A54311B00C4F84A /* ErrorMessages.swift */ = {isa = PBXFileReference; lastKnownFileType = sourcecode.swift; path = ErrorMessages.swift; sourceTree = "<group>"; };
		E060235B2A5431CD00C4F84A /* Constants.swift */ = {isa = PBXFileReference; lastKnownFileType = sourcecode.swift; path = Constants.swift; sourceTree = "<group>"; };
		E060235D2A5435FE00C4F84A /* Movie.swift */ = {isa = PBXFileReference; lastKnownFileType = sourcecode.swift; path = Movie.swift; sourceTree = "<group>"; };
		E06023602A544BCA00C4F84A /* FavoritesViewController.swift */ = {isa = PBXFileReference; lastKnownFileType = sourcecode.swift; path = FavoritesViewController.swift; sourceTree = "<group>"; };
		E06023612A544BCA00C4F84A /* FavoritesViewController.xib */ = {isa = PBXFileReference; lastKnownFileType = file.xib; path = FavoritesViewController.xib; sourceTree = "<group>"; };
		E06023642A544BD700C4F84A /* FavoritesViewModel.swift */ = {isa = PBXFileReference; lastKnownFileType = sourcecode.swift; path = FavoritesViewModel.swift; sourceTree = "<group>"; };
		E06023672A544DEF00C4F84A /* HomeCollectionViewCell.swift */ = {isa = PBXFileReference; lastKnownFileType = sourcecode.swift; path = HomeCollectionViewCell.swift; sourceTree = "<group>"; };
		E06023682A544DEF00C4F84A /* HomeCollectionViewCell.xib */ = {isa = PBXFileReference; lastKnownFileType = file.xib; path = HomeCollectionViewCell.xib; sourceTree = "<group>"; };
		E099CCCA2A5548AD0050BFB8 /* DetailsViewController.swift */ = {isa = PBXFileReference; lastKnownFileType = sourcecode.swift; path = DetailsViewController.swift; sourceTree = "<group>"; };
		E099CCCB2A5548AD0050BFB8 /* DetailsViewController.xib */ = {isa = PBXFileReference; lastKnownFileType = file.xib; path = DetailsViewController.xib; sourceTree = "<group>"; };
/* End PBXFileReference section */

/* Begin PBXFrameworksBuildPhase section */
		E06023112A54174B00C4F84A /* Frameworks */ = {
			isa = PBXFrameworksBuildPhase;
			buildActionMask = 2147483647;
			files = (
				E099CCD12A5574010050BFB8 /* netfox in Frameworks */,
				276D0B142A54D71F0008D027 /* Kingfisher in Frameworks */,
			);
			runOnlyForDeploymentPostprocessing = 0;
		};
		E06023272A54174F00C4F84A /* Frameworks */ = {
			isa = PBXFrameworksBuildPhase;
			buildActionMask = 2147483647;
			files = (
			);
			runOnlyForDeploymentPostprocessing = 0;
		};
		E06023312A54174F00C4F84A /* Frameworks */ = {
			isa = PBXFrameworksBuildPhase;
			buildActionMask = 2147483647;
			files = (
			);
			runOnlyForDeploymentPostprocessing = 0;
		};
/* End PBXFrameworksBuildPhase section */

/* Begin PBXGroup section */
		E0306A832A55974F00EC7DAD /* HomeCollectionViewCell */ = {
			isa = PBXGroup;
			children = (
				E06023672A544DEF00C4F84A /* HomeCollectionViewCell.swift */,
				E06023682A544DEF00C4F84A /* HomeCollectionViewCell.xib */,
			);
			path = HomeCollectionViewCell;
			sourceTree = "<group>";
		};
		E060230B2A54174B00C4F84A = {
			isa = PBXGroup;
			children = (
				E06023162A54174B00C4F84A /* MovieApp */,
				E060232D2A54174F00C4F84A /* MovieAppTests */,
				E06023372A54174F00C4F84A /* MovieAppUITests */,
				E06023152A54174B00C4F84A /* Products */,
			);
			indentWidth = 2;
			sourceTree = "<group>";
			tabWidth = 2;
		};
		E06023152A54174B00C4F84A /* Products */ = {
			isa = PBXGroup;
			children = (
				E06023142A54174B00C4F84A /* MovieApp.app */,
				E060232A2A54174F00C4F84A /* MovieAppTests.xctest */,
				E06023342A54174F00C4F84A /* MovieAppUITests.xctest */,
			);
			name = Products;
			sourceTree = "<group>";
		};
		E06023162A54174B00C4F84A /* MovieApp */ = {
			isa = PBXGroup;
			children = (
				E06023472A541A0900C4F84A /* Application */,
				E060234C2A541B0500C4F84A /* Utilities */,
				E060234A2A541AD500C4F84A /* Model */,
				E06023482A541AB600C4F84A /* Extensions */,
				E06023492A541AC400C4F84A /* Services */,
				E060234B2A541ADD00C4F84A /* Screens */,
				E06023662A544D8200C4F84A /* Cells */,
			);
			path = MovieApp;
			sourceTree = "<group>";
		};
		E060232D2A54174F00C4F84A /* MovieAppTests */ = {
			isa = PBXGroup;
			children = (
				E060232E2A54174F00C4F84A /* MovieAppTests.swift */,
			);
			path = MovieAppTests;
			sourceTree = "<group>";
		};
		E06023372A54174F00C4F84A /* MovieAppUITests */ = {
			isa = PBXGroup;
			children = (
				E06023382A54174F00C4F84A /* MovieAppUITests.swift */,
				E060233A2A54174F00C4F84A /* MovieAppUITestsLaunchTests.swift */,
			);
			path = MovieAppUITests;
			sourceTree = "<group>";
		};
		E06023472A541A0900C4F84A /* Application */ = {
			isa = PBXGroup;
			children = (
				E06023172A54174B00C4F84A /* AppDelegate.swift */,
				E06023192A54174B00C4F84A /* SceneDelegate.swift */,
				E06023252A54174E00C4F84A /* Info.plist */,
			);
			path = Application;
			sourceTree = "<group>";
		};
		E06023482A541AB600C4F84A /* Extensions */ = {
			isa = PBXGroup;
			children = (
				E06023542A54213B00C4F84A /* UICollectionView+Helper.swift */,
				276D0B102A54D0430008D027 /* UIImageView+setImage.swift */,
				E05D22162A569B7B00022329 /* UIView+reuseIdentifier.swift */,
			);
			path = Extensions;
			sourceTree = "<group>";
		};
		E06023492A541AC400C4F84A /* Services */ = {
			isa = PBXGroup;
			children = (
				E099CCCE2A5568550050BFB8 /* CoreDataService */,
				E06023562A542EDE00C4F84A /* NetworkService */,
			);
			path = Services;
			sourceTree = "<group>";
		};
		E060234A2A541AD500C4F84A /* Model */ = {
			isa = PBXGroup;
			children = (
				E060235D2A5435FE00C4F84A /* Movie.swift */,
			);
			path = Model;
			sourceTree = "<group>";
		};
		E060234B2A541ADD00C4F84A /* Screens */ = {
			isa = PBXGroup;
			children = (
				E060234D2A541CEC00C4F84A /* HomeViewController */,
				E099CCC92A5548700050BFB8 /* DetailsViewController */,
				E060235F2A544BAC00C4F84A /* FavoritesViewController */,
			);
			path = Screens;
			sourceTree = "<group>";
		};
		E060234C2A541B0500C4F84A /* Utilities */ = {
			isa = PBXGroup;
			children = (
				E06023202A54174E00C4F84A /* Assets.xcassets */,
				E06023222A54174E00C4F84A /* LaunchScreen.storyboard */,
				E06023592A54311B00C4F84A /* ErrorMessages.swift */,
				E060235B2A5431CD00C4F84A /* Constants.swift */,
				276D0B152A54E2FA0008D027 /* UIHelper.swift */,
			);
			path = Utilities;
			sourceTree = "<group>";
		};
		E060234D2A541CEC00C4F84A /* HomeViewController */ = {
			isa = PBXGroup;
			children = (
				E060234E2A541D0900C4F84A /* HomeViewController.swift */,
				E060234F2A541D0900C4F84A /* HomeViewController.xib */,
				E06023522A541D1800C4F84A /* HomeViewModel.swift */,
			);
			path = HomeViewController;
			sourceTree = "<group>";
		};
		E06023562A542EDE00C4F84A /* NetworkService */ = {
			isa = PBXGroup;
			children = (
				E06023572A542F4700C4F84A /* NetworkService.swift */,
			);
			path = NetworkService;
			sourceTree = "<group>";
		};
		E060235F2A544BAC00C4F84A /* FavoritesViewController */ = {
			isa = PBXGroup;
			children = (
				E06023602A544BCA00C4F84A /* FavoritesViewController.swift */,
				E06023612A544BCA00C4F84A /* FavoritesViewController.xib */,
				E06023642A544BD700C4F84A /* FavoritesViewModel.swift */,
			);
			path = FavoritesViewController;
			sourceTree = "<group>";
		};
		E06023662A544D8200C4F84A /* Cells */ = {
			isa = PBXGroup;
			children = (
				E0306A832A55974F00EC7DAD /* HomeCollectionViewCell */,
			);
			path = Cells;
			sourceTree = "<group>";
		};
		E099CCC92A5548700050BFB8 /* DetailsViewController */ = {
			isa = PBXGroup;
			children = (
				E099CCCA2A5548AD0050BFB8 /* DetailsViewController.swift */,
				E099CCCB2A5548AD0050BFB8 /* DetailsViewController.xib */,
				E0306A812A5590FC00EC7DAD /* DetailsViewModel.swift */,
			);
			path = DetailsViewController;
			sourceTree = "<group>";
		};
		E099CCCE2A5568550050BFB8 /* CoreDataService */ = {
			isa = PBXGroup;
			children = (
			);
			path = CoreDataService;
			sourceTree = "<group>";
		};
/* End PBXGroup section */

/* Begin PBXNativeTarget section */
		E06023132A54174B00C4F84A /* MovieApp */ = {
			isa = PBXNativeTarget;
			buildConfigurationList = E060233E2A54174F00C4F84A /* Build configuration list for PBXNativeTarget "MovieApp" */;
			buildPhases = (
				E06023102A54174B00C4F84A /* Sources */,
				E06023112A54174B00C4F84A /* Frameworks */,
				E06023122A54174B00C4F84A /* Resources */,
			);
			buildRules = (
			);
			dependencies = (
			);
			name = MovieApp;
			packageProductDependencies = (
				276D0B132A54D71F0008D027 /* Kingfisher */,
				E099CCD02A5574010050BFB8 /* netfox */,
			);
			productName = MovieApp;
			productReference = E06023142A54174B00C4F84A /* MovieApp.app */;
			productType = "com.apple.product-type.application";
		};
		E06023292A54174F00C4F84A /* MovieAppTests */ = {
			isa = PBXNativeTarget;
			buildConfigurationList = E06023412A54174F00C4F84A /* Build configuration list for PBXNativeTarget "MovieAppTests" */;
			buildPhases = (
				E06023262A54174F00C4F84A /* Sources */,
				E06023272A54174F00C4F84A /* Frameworks */,
				E06023282A54174F00C4F84A /* Resources */,
			);
			buildRules = (
			);
			dependencies = (
				E060232C2A54174F00C4F84A /* PBXTargetDependency */,
			);
			name = MovieAppTests;
			productName = MovieAppTests;
			productReference = E060232A2A54174F00C4F84A /* MovieAppTests.xctest */;
			productType = "com.apple.product-type.bundle.unit-test";
		};
		E06023332A54174F00C4F84A /* MovieAppUITests */ = {
			isa = PBXNativeTarget;
			buildConfigurationList = E06023442A54174F00C4F84A /* Build configuration list for PBXNativeTarget "MovieAppUITests" */;
			buildPhases = (
				E06023302A54174F00C4F84A /* Sources */,
				E06023312A54174F00C4F84A /* Frameworks */,
				E06023322A54174F00C4F84A /* Resources */,
			);
			buildRules = (
			);
			dependencies = (
				E06023362A54174F00C4F84A /* PBXTargetDependency */,
			);
			name = MovieAppUITests;
			productName = MovieAppUITests;
			productReference = E06023342A54174F00C4F84A /* MovieAppUITests.xctest */;
			productType = "com.apple.product-type.bundle.ui-testing";
		};
/* End PBXNativeTarget section */

/* Begin PBXProject section */
		E060230C2A54174B00C4F84A /* Project object */ = {
			isa = PBXProject;
			attributes = {
				BuildIndependentTargetsInParallel = 1;
				LastSwiftUpdateCheck = 1430;
				LastUpgradeCheck = 1430;
				TargetAttributes = {
					E06023132A54174B00C4F84A = {
						CreatedOnToolsVersion = 14.3;
					};
					E06023292A54174F00C4F84A = {
						CreatedOnToolsVersion = 14.3;
						TestTargetID = E06023132A54174B00C4F84A;
					};
					E06023332A54174F00C4F84A = {
						CreatedOnToolsVersion = 14.3;
						TestTargetID = E06023132A54174B00C4F84A;
					};
				};
			};
			buildConfigurationList = E060230F2A54174B00C4F84A /* Build configuration list for PBXProject "MovieApp" */;
			compatibilityVersion = "Xcode 14.0";
			developmentRegion = en;
			hasScannedForEncodings = 0;
			knownRegions = (
				en,
				Base,
			);
			mainGroup = E060230B2A54174B00C4F84A;
			packageReferences = (
				276D0B122A54D71F0008D027 /* XCRemoteSwiftPackageReference "Kingfisher" */,
				E099CCCF2A5574010050BFB8 /* XCRemoteSwiftPackageReference "netfox" */,
			);
			productRefGroup = E06023152A54174B00C4F84A /* Products */;
			projectDirPath = "";
			projectRoot = "";
			targets = (
				E06023132A54174B00C4F84A /* MovieApp */,
				E06023292A54174F00C4F84A /* MovieAppTests */,
				E06023332A54174F00C4F84A /* MovieAppUITests */,
			);
		};
/* End PBXProject section */

/* Begin PBXResourcesBuildPhase section */
		E06023122A54174B00C4F84A /* Resources */ = {
			isa = PBXResourcesBuildPhase;
			buildActionMask = 2147483647;
			files = (
				E060236A2A544DEF00C4F84A /* HomeCollectionViewCell.xib in Resources */,
				E06023242A54174E00C4F84A /* LaunchScreen.storyboard in Resources */,
				E06023212A54174E00C4F84A /* Assets.xcassets in Resources */,
				E06023632A544BCA00C4F84A /* FavoritesViewController.xib in Resources */,
				E06023512A541D0900C4F84A /* HomeViewController.xib in Resources */,
				E099CCCD2A5548AD0050BFB8 /* DetailsViewController.xib in Resources */,
			);
			runOnlyForDeploymentPostprocessing = 0;
		};
		E06023282A54174F00C4F84A /* Resources */ = {
			isa = PBXResourcesBuildPhase;
			buildActionMask = 2147483647;
			files = (
			);
			runOnlyForDeploymentPostprocessing = 0;
		};
		E06023322A54174F00C4F84A /* Resources */ = {
			isa = PBXResourcesBuildPhase;
			buildActionMask = 2147483647;
			files = (
			);
			runOnlyForDeploymentPostprocessing = 0;
		};
/* End PBXResourcesBuildPhase section */

/* Begin PBXSourcesBuildPhase section */
		E06023102A54174B00C4F84A /* Sources */ = {
			isa = PBXSourcesBuildPhase;
			buildActionMask = 2147483647;
			files = (
				E060235A2A54311B00C4F84A /* ErrorMessages.swift in Sources */,
				E06023652A544BD700C4F84A /* FavoritesViewModel.swift in Sources */,
				E06023182A54174B00C4F84A /* AppDelegate.swift in Sources */,
				E0306A822A5590FC00EC7DAD /* DetailsViewModel.swift in Sources */,
				E060235E2A5435FE00C4F84A /* Movie.swift in Sources */,
				E060231A2A54174B00C4F84A /* SceneDelegate.swift in Sources */,
				E06023552A54213B00C4F84A /* UICollectionView+Helper.swift in Sources */,
				276D0B112A54D0430008D027 /* UIImageView+setImage.swift in Sources */,
				E06023502A541D0900C4F84A /* HomeViewController.swift in Sources */,
				E06023582A542F4700C4F84A /* NetworkService.swift in Sources */,
				E05D22172A569B7B00022329 /* UIView+reuseIdentifier.swift in Sources */,
				E06023532A541D1800C4F84A /* HomeViewModel.swift in Sources */,
				E06023622A544BCA00C4F84A /* FavoritesViewController.swift in Sources */,
				E060235C2A5431CD00C4F84A /* Constants.swift in Sources */,
				E06023692A544DEF00C4F84A /* HomeCollectionViewCell.swift in Sources */,
				276D0B162A54E2FA0008D027 /* UIHelper.swift in Sources */,
				E099CCCC2A5548AD0050BFB8 /* DetailsViewController.swift in Sources */,
			);
			runOnlyForDeploymentPostprocessing = 0;
		};
		E06023262A54174F00C4F84A /* Sources */ = {
			isa = PBXSourcesBuildPhase;
			buildActionMask = 2147483647;
			files = (
				E060232F2A54174F00C4F84A /* MovieAppTests.swift in Sources */,
			);
			runOnlyForDeploymentPostprocessing = 0;
		};
		E06023302A54174F00C4F84A /* Sources */ = {
			isa = PBXSourcesBuildPhase;
			buildActionMask = 2147483647;
			files = (
				E060233B2A54174F00C4F84A /* MovieAppUITestsLaunchTests.swift in Sources */,
				E06023392A54174F00C4F84A /* MovieAppUITests.swift in Sources */,
			);
			runOnlyForDeploymentPostprocessing = 0;
		};
/* End PBXSourcesBuildPhase section */

/* Begin PBXTargetDependency section */
		E060232C2A54174F00C4F84A /* PBXTargetDependency */ = {
			isa = PBXTargetDependency;
			target = E06023132A54174B00C4F84A /* MovieApp */;
			targetProxy = E060232B2A54174F00C4F84A /* PBXContainerItemProxy */;
		};
		E06023362A54174F00C4F84A /* PBXTargetDependency */ = {
			isa = PBXTargetDependency;
			target = E06023132A54174B00C4F84A /* MovieApp */;
			targetProxy = E06023352A54174F00C4F84A /* PBXContainerItemProxy */;
		};
/* End PBXTargetDependency section */

/* Begin PBXVariantGroup section */
		E06023222A54174E00C4F84A /* LaunchScreen.storyboard */ = {
			isa = PBXVariantGroup;
			children = (
				E06023232A54174E00C4F84A /* Base */,
			);
			name = LaunchScreen.storyboard;
			sourceTree = "<group>";
		};
/* End PBXVariantGroup section */

/* Begin XCBuildConfiguration section */
		E060233C2A54174F00C4F84A /* Debug */ = {
			isa = XCBuildConfiguration;
			buildSettings = {
				ALWAYS_SEARCH_USER_PATHS = NO;
				CLANG_ANALYZER_NONNULL = YES;
				CLANG_ANALYZER_NUMBER_OBJECT_CONVERSION = YES_AGGRESSIVE;
				CLANG_CXX_LANGUAGE_STANDARD = "gnu++20";
				CLANG_ENABLE_MODULES = YES;
				CLANG_ENABLE_OBJC_ARC = YES;
				CLANG_ENABLE_OBJC_WEAK = YES;
				CLANG_WARN_BLOCK_CAPTURE_AUTORELEASING = YES;
				CLANG_WARN_BOOL_CONVERSION = YES;
				CLANG_WARN_COMMA = YES;
				CLANG_WARN_CONSTANT_CONVERSION = YES;
				CLANG_WARN_DEPRECATED_OBJC_IMPLEMENTATIONS = YES;
				CLANG_WARN_DIRECT_OBJC_ISA_USAGE = YES_ERROR;
				CLANG_WARN_DOCUMENTATION_COMMENTS = YES;
				CLANG_WARN_EMPTY_BODY = YES;
				CLANG_WARN_ENUM_CONVERSION = YES;
				CLANG_WARN_INFINITE_RECURSION = YES;
				CLANG_WARN_INT_CONVERSION = YES;
				CLANG_WARN_NON_LITERAL_NULL_CONVERSION = YES;
				CLANG_WARN_OBJC_IMPLICIT_RETAIN_SELF = YES;
				CLANG_WARN_OBJC_LITERAL_CONVERSION = YES;
				CLANG_WARN_OBJC_ROOT_CLASS = YES_ERROR;
				CLANG_WARN_QUOTED_INCLUDE_IN_FRAMEWORK_HEADER = YES;
				CLANG_WARN_RANGE_LOOP_ANALYSIS = YES;
				CLANG_WARN_STRICT_PROTOTYPES = YES;
				CLANG_WARN_SUSPICIOUS_MOVE = YES;
				CLANG_WARN_UNGUARDED_AVAILABILITY = YES_AGGRESSIVE;
				CLANG_WARN_UNREACHABLE_CODE = YES;
				CLANG_WARN__DUPLICATE_METHOD_MATCH = YES;
				COPY_PHASE_STRIP = NO;
				DEBUG_INFORMATION_FORMAT = dwarf;
				ENABLE_STRICT_OBJC_MSGSEND = YES;
				ENABLE_TESTABILITY = YES;
				GCC_C_LANGUAGE_STANDARD = gnu11;
				GCC_DYNAMIC_NO_PIC = NO;
				GCC_NO_COMMON_BLOCKS = YES;
				GCC_OPTIMIZATION_LEVEL = 0;
				GCC_PREPROCESSOR_DEFINITIONS = (
					"DEBUG=1",
					"$(inherited)",
				);
				GCC_WARN_64_TO_32_BIT_CONVERSION = YES;
				GCC_WARN_ABOUT_RETURN_TYPE = YES_ERROR;
				GCC_WARN_UNDECLARED_SELECTOR = YES;
				GCC_WARN_UNINITIALIZED_AUTOS = YES_AGGRESSIVE;
				GCC_WARN_UNUSED_FUNCTION = YES;
				GCC_WARN_UNUSED_VARIABLE = YES;
				IPHONEOS_DEPLOYMENT_TARGET = 16.4;
				MTL_ENABLE_DEBUG_INFO = INCLUDE_SOURCE;
				MTL_FAST_MATH = YES;
				ONLY_ACTIVE_ARCH = YES;
				SDKROOT = iphoneos;
				SWIFT_ACTIVE_COMPILATION_CONDITIONS = DEBUG;
				SWIFT_OPTIMIZATION_LEVEL = "-Onone";
			};
			name = Debug;
		};
		E060233D2A54174F00C4F84A /* Release */ = {
			isa = XCBuildConfiguration;
			buildSettings = {
				ALWAYS_SEARCH_USER_PATHS = NO;
				CLANG_ANALYZER_NONNULL = YES;
				CLANG_ANALYZER_NUMBER_OBJECT_CONVERSION = YES_AGGRESSIVE;
				CLANG_CXX_LANGUAGE_STANDARD = "gnu++20";
				CLANG_ENABLE_MODULES = YES;
				CLANG_ENABLE_OBJC_ARC = YES;
				CLANG_ENABLE_OBJC_WEAK = YES;
				CLANG_WARN_BLOCK_CAPTURE_AUTORELEASING = YES;
				CLANG_WARN_BOOL_CONVERSION = YES;
				CLANG_WARN_COMMA = YES;
				CLANG_WARN_CONSTANT_CONVERSION = YES;
				CLANG_WARN_DEPRECATED_OBJC_IMPLEMENTATIONS = YES;
				CLANG_WARN_DIRECT_OBJC_ISA_USAGE = YES_ERROR;
				CLANG_WARN_DOCUMENTATION_COMMENTS = YES;
				CLANG_WARN_EMPTY_BODY = YES;
				CLANG_WARN_ENUM_CONVERSION = YES;
				CLANG_WARN_INFINITE_RECURSION = YES;
				CLANG_WARN_INT_CONVERSION = YES;
				CLANG_WARN_NON_LITERAL_NULL_CONVERSION = YES;
				CLANG_WARN_OBJC_IMPLICIT_RETAIN_SELF = YES;
				CLANG_WARN_OBJC_LITERAL_CONVERSION = YES;
				CLANG_WARN_OBJC_ROOT_CLASS = YES_ERROR;
				CLANG_WARN_QUOTED_INCLUDE_IN_FRAMEWORK_HEADER = YES;
				CLANG_WARN_RANGE_LOOP_ANALYSIS = YES;
				CLANG_WARN_STRICT_PROTOTYPES = YES;
				CLANG_WARN_SUSPICIOUS_MOVE = YES;
				CLANG_WARN_UNGUARDED_AVAILABILITY = YES_AGGRESSIVE;
				CLANG_WARN_UNREACHABLE_CODE = YES;
				CLANG_WARN__DUPLICATE_METHOD_MATCH = YES;
				COPY_PHASE_STRIP = NO;
				DEBUG_INFORMATION_FORMAT = "dwarf-with-dsym";
				ENABLE_NS_ASSERTIONS = NO;
				ENABLE_STRICT_OBJC_MSGSEND = YES;
				GCC_C_LANGUAGE_STANDARD = gnu11;
				GCC_NO_COMMON_BLOCKS = YES;
				GCC_WARN_64_TO_32_BIT_CONVERSION = YES;
				GCC_WARN_ABOUT_RETURN_TYPE = YES_ERROR;
				GCC_WARN_UNDECLARED_SELECTOR = YES;
				GCC_WARN_UNINITIALIZED_AUTOS = YES_AGGRESSIVE;
				GCC_WARN_UNUSED_FUNCTION = YES;
				GCC_WARN_UNUSED_VARIABLE = YES;
				IPHONEOS_DEPLOYMENT_TARGET = 16.4;
				MTL_ENABLE_DEBUG_INFO = NO;
				MTL_FAST_MATH = YES;
				SDKROOT = iphoneos;
				SWIFT_COMPILATION_MODE = wholemodule;
				SWIFT_OPTIMIZATION_LEVEL = "-O";
				VALIDATE_PRODUCT = YES;
			};
			name = Release;
		};
		E060233F2A54174F00C4F84A /* Debug */ = {
			isa = XCBuildConfiguration;
			buildSettings = {
				ASSETCATALOG_COMPILER_APPICON_NAME = AppIcon;
				ASSETCATALOG_COMPILER_GLOBAL_ACCENT_COLOR_NAME = AccentColor;
				CODE_SIGN_STYLE = Automatic;
				CURRENT_PROJECT_VERSION = 1;
				DEVELOPMENT_TEAM = Q7NM8R4JX6;
				GENERATE_INFOPLIST_FILE = YES;
				INFOPLIST_FILE = MovieApp/Application/Info.plist;
				INFOPLIST_KEY_UIApplicationSupportsIndirectInputEvents = YES;
				INFOPLIST_KEY_UILaunchStoryboardName = LaunchScreen;
				INFOPLIST_KEY_UISupportedInterfaceOrientations_iPad = "UIInterfaceOrientationPortrait UIInterfaceOrientationPortraitUpsideDown UIInterfaceOrientationLandscapeLeft UIInterfaceOrientationLandscapeRight";
				INFOPLIST_KEY_UISupportedInterfaceOrientations_iPhone = "UIInterfaceOrientationPortrait UIInterfaceOrientationLandscapeLeft UIInterfaceOrientationLandscapeRight";
				LD_RUNPATH_SEARCH_PATHS = (
					"$(inherited)",
					"@executable_path/Frameworks",
				);
				MARKETING_VERSION = 1.0;
				PRODUCT_BUNDLE_IDENTIFIER = alqemam.MovieApp;
				PRODUCT_NAME = "$(TARGET_NAME)";
				SWIFT_EMIT_LOC_STRINGS = YES;
				SWIFT_VERSION = 5.0;
				TARGETED_DEVICE_FAMILY = "1,2";
			};
			name = Debug;
		};
		E06023402A54174F00C4F84A /* Release */ = {
			isa = XCBuildConfiguration;
			buildSettings = {
				ASSETCATALOG_COMPILER_APPICON_NAME = AppIcon;
				ASSETCATALOG_COMPILER_GLOBAL_ACCENT_COLOR_NAME = AccentColor;
				CODE_SIGN_STYLE = Automatic;
				CURRENT_PROJECT_VERSION = 1;
				DEVELOPMENT_TEAM = Q7NM8R4JX6;
				GENERATE_INFOPLIST_FILE = YES;
				INFOPLIST_FILE = MovieApp/Application/Info.plist;
				INFOPLIST_KEY_UIApplicationSupportsIndirectInputEvents = YES;
				INFOPLIST_KEY_UILaunchStoryboardName = LaunchScreen;
				INFOPLIST_KEY_UISupportedInterfaceOrientations_iPad = "UIInterfaceOrientationPortrait UIInterfaceOrientationPortraitUpsideDown UIInterfaceOrientationLandscapeLeft UIInterfaceOrientationLandscapeRight";
				INFOPLIST_KEY_UISupportedInterfaceOrientations_iPhone = "UIInterfaceOrientationPortrait UIInterfaceOrientationLandscapeLeft UIInterfaceOrientationLandscapeRight";
				LD_RUNPATH_SEARCH_PATHS = (
					"$(inherited)",
					"@executable_path/Frameworks",
				);
				MARKETING_VERSION = 1.0;
				PRODUCT_BUNDLE_IDENTIFIER = alqemam.MovieApp;
				PRODUCT_NAME = "$(TARGET_NAME)";
				SWIFT_EMIT_LOC_STRINGS = YES;
				SWIFT_VERSION = 5.0;
				TARGETED_DEVICE_FAMILY = "1,2";
			};
			name = Release;
		};
		E06023422A54174F00C4F84A /* Debug */ = {
			isa = XCBuildConfiguration;
			buildSettings = {
				ALWAYS_EMBED_SWIFT_STANDARD_LIBRARIES = YES;
				BUNDLE_LOADER = "$(TEST_HOST)";
				CODE_SIGN_STYLE = Automatic;
				CURRENT_PROJECT_VERSION = 1;
				DEVELOPMENT_TEAM = Q7NM8R4JX6;
				GENERATE_INFOPLIST_FILE = YES;
				IPHONEOS_DEPLOYMENT_TARGET = 16.4;
				MARKETING_VERSION = 1.0;
				PRODUCT_BUNDLE_IDENTIFIER = alqemam.MovieAppTests;
				PRODUCT_NAME = "$(TARGET_NAME)";
				SWIFT_EMIT_LOC_STRINGS = NO;
				SWIFT_VERSION = 5.0;
				TARGETED_DEVICE_FAMILY = "1,2";
				TEST_HOST = "$(BUILT_PRODUCTS_DIR)/MovieApp.app/$(BUNDLE_EXECUTABLE_FOLDER_PATH)/MovieApp";
			};
			name = Debug;
		};
		E06023432A54174F00C4F84A /* Release */ = {
			isa = XCBuildConfiguration;
			buildSettings = {
				ALWAYS_EMBED_SWIFT_STANDARD_LIBRARIES = YES;
				BUNDLE_LOADER = "$(TEST_HOST)";
				CODE_SIGN_STYLE = Automatic;
				CURRENT_PROJECT_VERSION = 1;
				DEVELOPMENT_TEAM = Q7NM8R4JX6;
				GENERATE_INFOPLIST_FILE = YES;
				IPHONEOS_DEPLOYMENT_TARGET = 16.4;
				MARKETING_VERSION = 1.0;
				PRODUCT_BUNDLE_IDENTIFIER = alqemam.MovieAppTests;
				PRODUCT_NAME = "$(TARGET_NAME)";
				SWIFT_EMIT_LOC_STRINGS = NO;
				SWIFT_VERSION = 5.0;
				TARGETED_DEVICE_FAMILY = "1,2";
				TEST_HOST = "$(BUILT_PRODUCTS_DIR)/MovieApp.app/$(BUNDLE_EXECUTABLE_FOLDER_PATH)/MovieApp";
			};
			name = Release;
		};
		E06023452A54174F00C4F84A /* Debug */ = {
			isa = XCBuildConfiguration;
			buildSettings = {
				ALWAYS_EMBED_SWIFT_STANDARD_LIBRARIES = YES;
				CODE_SIGN_STYLE = Automatic;
				CURRENT_PROJECT_VERSION = 1;
				DEVELOPMENT_TEAM = Q7NM8R4JX6;
				GENERATE_INFOPLIST_FILE = YES;
				MARKETING_VERSION = 1.0;
				PRODUCT_BUNDLE_IDENTIFIER = alqemam.MovieAppUITests;
				PRODUCT_NAME = "$(TARGET_NAME)";
				SWIFT_EMIT_LOC_STRINGS = NO;
				SWIFT_VERSION = 5.0;
				TARGETED_DEVICE_FAMILY = "1,2";
				TEST_TARGET_NAME = MovieApp;
			};
			name = Debug;
		};
		E06023462A54174F00C4F84A /* Release */ = {
			isa = XCBuildConfiguration;
			buildSettings = {
				ALWAYS_EMBED_SWIFT_STANDARD_LIBRARIES = YES;
				CODE_SIGN_STYLE = Automatic;
				CURRENT_PROJECT_VERSION = 1;
				DEVELOPMENT_TEAM = Q7NM8R4JX6;
				GENERATE_INFOPLIST_FILE = YES;
				MARKETING_VERSION = 1.0;
				PRODUCT_BUNDLE_IDENTIFIER = alqemam.MovieAppUITests;
				PRODUCT_NAME = "$(TARGET_NAME)";
				SWIFT_EMIT_LOC_STRINGS = NO;
				SWIFT_VERSION = 5.0;
				TARGETED_DEVICE_FAMILY = "1,2";
				TEST_TARGET_NAME = MovieApp;
			};
			name = Release;
		};
/* End XCBuildConfiguration section */

/* Begin XCConfigurationList section */
		E060230F2A54174B00C4F84A /* Build configuration list for PBXProject "MovieApp" */ = {
			isa = XCConfigurationList;
			buildConfigurations = (
				E060233C2A54174F00C4F84A /* Debug */,
				E060233D2A54174F00C4F84A /* Release */,
			);
			defaultConfigurationIsVisible = 0;
			defaultConfigurationName = Release;
		};
		E060233E2A54174F00C4F84A /* Build configuration list for PBXNativeTarget "MovieApp" */ = {
			isa = XCConfigurationList;
			buildConfigurations = (
				E060233F2A54174F00C4F84A /* Debug */,
				E06023402A54174F00C4F84A /* Release */,
			);
			defaultConfigurationIsVisible = 0;
			defaultConfigurationName = Release;
		};
		E06023412A54174F00C4F84A /* Build configuration list for PBXNativeTarget "MovieAppTests" */ = {
			isa = XCConfigurationList;
			buildConfigurations = (
				E06023422A54174F00C4F84A /* Debug */,
				E06023432A54174F00C4F84A /* Release */,
			);
			defaultConfigurationIsVisible = 0;
			defaultConfigurationName = Release;
		};
		E06023442A54174F00C4F84A /* Build configuration list for PBXNativeTarget "MovieAppUITests" */ = {
			isa = XCConfigurationList;
			buildConfigurations = (
				E06023452A54174F00C4F84A /* Debug */,
				E06023462A54174F00C4F84A /* Release */,
			);
			defaultConfigurationIsVisible = 0;
			defaultConfigurationName = Release;
		};
/* End XCConfigurationList section */

/* Begin XCRemoteSwiftPackageReference section */
		276D0B122A54D71F0008D027 /* XCRemoteSwiftPackageReference "Kingfisher" */ = {
			isa = XCRemoteSwiftPackageReference;
			repositoryURL = "https://github.com/onevcat/Kingfisher.git";
			requirement = {
				kind = upToNextMajorVersion;
				minimumVersion = 7.0.0;
			};
		};
		E099CCCF2A5574010050BFB8 /* XCRemoteSwiftPackageReference "netfox" */ = {
			isa = XCRemoteSwiftPackageReference;
			repositoryURL = "https://github.com/kasketis/netfox";
			requirement = {
				kind = upToNextMajorVersion;
				minimumVersion = 1.0.0;
			};
		};
/* End XCRemoteSwiftPackageReference section */

/* Begin XCSwiftPackageProductDependency section */
		276D0B132A54D71F0008D027 /* Kingfisher */ = {
			isa = XCSwiftPackageProductDependency;
			package = 276D0B122A54D71F0008D027 /* XCRemoteSwiftPackageReference "Kingfisher" */;
			productName = Kingfisher;
		};
		E099CCD02A5574010050BFB8 /* netfox */ = {
			isa = XCSwiftPackageProductDependency;
			package = E099CCCF2A5574010050BFB8 /* XCRemoteSwiftPackageReference "netfox" */;
			productName = netfox;
		};
/* End XCSwiftPackageProductDependency section */
	};
	rootObject = E060230C2A54174B00C4F84A /* Project object */;
}
